
Microsoft Visual Studio Solution File, Format Version 12.00
# Visual Studio 15
VisualStudioVersion = 15.0.28010.2026
MinimumVisualStudioVersion = 10.0.40219.1
Project("{FAE04EC0-301F-11D3-BF4B-00C04F79EFBC}") = "FoursLecture", "FoursLecture\FoursLecture.csproj", "{229D5519-82C3-4EDC-849C-0D8124527D60}"
EndProject
Global
	GlobalSection(SolutionConfigurationPlatforms) = preSolution
		Debug|Any CPU = Debug|Any CPU
		Release|Any CPU = Release|Any CPU
	EndGlobalSection
	GlobalSection(ProjectConfigurationPlatforms) = postSolution
		{229D5519-82C3-4EDC-849C-0D8124527D60}.Debug|Any CPU.ActiveCfg = Debug|Any CPU
		{229D5519-82C3-4EDC-849C-0D8124527D60}.Debug|Any CPU.Build.0 = Debug|Any CPU
		{229D5519-82C3-4EDC-849C-0D8124527D60}.Release|Any CPU.ActiveCfg = Release|Any CPU
		{229D5519-82C3-4EDC-849C-0D8124527D60}.Release|Any CPU.Build.0 = Release|Any CPU
	EndGlobalSection
	GlobalSection(SolutionProperties) = preSolution
		HideSolutionNode = FALSE
	EndGlobalSection
	GlobalSection(ExtensibilityGlobals) = postSolution
		SolutionGuid = {920EE046-56E5-4A4A-A3A3-FE7D5FA61F11}
	EndGlobalSection
EndGlobal
